{
    "_meta": {
        "hash": {
            "sha256": "b9dd9f62a5db978965b717d5c1cd3b7bc8d9fa735acedccc5e307bf30837026f"
        },
        "pipfile-spec": 6,
        "requires": {
            "python_version": "3.11"
        },
        "sources": [
            {
                "name": "pypi",
                "url": "https://pypi.org/simple",
                "verify_ssl": true
            }
        ]
    },
    "default": {
        "pyelftools": {
            "hashes": [
                "sha256:519f38cf412f073b2d7393aa4682b0190fa901f7c3fa0bff2b82d537690c7fc1",
                "sha256:ec761596aafa16e282a31de188737e5485552469ac63b60cfcccf22263fd24ff"
            ],
            "index": "pypi",
            "version": "==0.29"
        }
    },
    "develop": {}
}
